
Microsoft Visual Studio Solution File, Format Version 12.00
# Visual Studio Version 17
VisualStudioVersion = 17.0.32126.317
MinimumVisualStudioVersion = 10.0.40219.1
Project("{FAE04EC0-301F-11D3-BF4B-00C04F79EFBC}") = "Calculator", "Calculator\Calculator.csproj", "{03FCDCDE-552B-4487-B366-43E5FEF3ADE4}"
EndProject
Global
	GlobalSection(SolutionConfigurationPlatforms) = preSolution
		Debug|Any CPU = Debug|Any CPU
		Release|Any CPU = Release|Any CPU
	EndGlobalSection
	GlobalSection(ProjectConfigurationPlatforms) = postSolution
		{03FCDCDE-552B-4487-B366-43E5FEF3ADE4}.Debug|Any CPU.ActiveCfg = Debug|Any CPU
		{03FCDCDE-552B-4487-B366-43E5FEF3ADE4}.Debug|Any CPU.Build.0 = Debug|Any CPU
		{03FCDCDE-552B-4487-B366-43E5FEF3ADE4}.Release|Any CPU.ActiveCfg = Release|Any CPU
		{03FCDCDE-552B-4487-B366-43E5FEF3ADE4}.Release|Any CPU.Build.0 = Release|Any CPU
	EndGlobalSection
	GlobalSection(SolutionProperties) = preSolution
		HideSolutionNode = FALSE
	EndGlobalSection
	GlobalSection(ExtensibilityGlobals) = postSolution
		SolutionGuid = {964A75CB-DA64-4D96-BFA9-AC857BE231CF}
	EndGlobalSection
EndGlobal
